// !$*UTF8*$!
{
	archiveVersion = 1;
	classes = {
	};
	objectVersion = 77;
	objects = {

/* Begin PBXBuildFile section */
		0C751FA9B5B53E7D07692128 /* OMDbService.swift in Sources */ = {isa = PBXBuildFile; fileRef = 12C793F2C3A627A4070C4AE4 /* OMDbService.swift */; };
		0DB2E429F29EE0085A130D87 /* CacheService.swift in Sources */ = {isa = PBXBuildFile; fileRef = F22DFEEE29C70E89473968CC /* CacheService.swift */; };
		12E798567C5CB2CB0F493766 /* AppleTVSearchApp.swift in Sources */ = {isa = PBXBuildFile; fileRef = 9229C1918CBDFB0C0B7E2EE0 /* AppleTVSearchApp.swift */; };
		1C715E75B8A0CF101B46D8AE /* Constants.swift in Sources */ = {isa = PBXBuildFile; fileRef = F703673AC41C545928639418 /* Constants.swift */; };
		2266E93F05FA933707EC384D /* DetailViews.swift in Sources */ = {isa = PBXBuildFile; fileRef = 8414B992012C18FF67F99FAE /* DetailViews.swift */; };
		796B74E5BF0B21A6764D6585 /* TVShow.swift in Sources */ = {isa = PBXBuildFile; fileRef = 8A2F9517F53DD877C42DE5D7 /* TVShow.swift */; };
		8BCD8101CF1E638BA35BFD40 /* APIConfig.swift in Sources */ = {isa = PBXBuildFile; fileRef = 1EE98F6319716A474DF6378A /* APIConfig.swift */; };
		8DAB705EB30498F3ED92839D /* Movie.swift in Sources */ = {isa = PBXBuildFile; fileRef = AEFC3BFF93CF0E6C2FC912C8 /* Movie.swift */; };
		C6B3E0187EAEE3C7865FF47D /* CardViews.swift in Sources */ = {isa = PBXBuildFile; fileRef = 87FAC84B4CDA47073B8FC68E /* CardViews.swift */; };
		CBE05B9C1EF3A05965456AF2 /* SettingsView.swift in Sources */ = {isa = PBXBuildFile; fileRef = D67C5133CB4D9179BFE2A360 /* SettingsView.swift */; };
		D1A0130EB88E5680DA7B8D5A /* Assets.xcassets in Resources */ = {isa = PBXBuildFile; fileRef = EDE6AA00577A2BD10792D6B9 /* Assets.xcassets */; };
		DA24D5AC43471BBF8C57ECB2 /* SearchViewModel.swift in Sources */ = {isa = PBXBuildFile; fileRef = 67F3208E88FD00CA28909F9B /* SearchViewModel.swift */; };
		E020B6DC50496EE9938A8A4D /* Rating.swift in Sources */ = {isa = PBXBuildFile; fileRef = 8F9C49F164A4D44CFFFFA49B /* Rating.swift */; };
		EE16FB5E7C60A22AF8598CA1 /* ContentView.swift in Sources */ = {isa = PBXBuildFile; fileRef = 9DBEC5E36A02E98331C77385 /* ContentView.swift */; };
		FAEEC2B094C86B3B1B8930C0 /* TMDBService.swift in Sources */ = {isa = PBXBuildFile; fileRef = 7FAE29B8E6700D4CF7E07592 /* TMDBService.swift */; };
/* End PBXBuildFile section */

/* Begin PBXFileReference section */
		0B77EA881A6DF4634B766119 /* AppleTVSearch.app */ = {isa = PBXFileReference; explicitFileType = wrapper.application; includeInIndex = 0; path = AppleTVSearch.app; sourceTree = BUILT_PRODUCTS_DIR; };
		12C793F2C3A627A4070C4AE4 /* OMDbService.swift */ = {isa = PBXFileReference; lastKnownFileType = sourcecode.swift; path = OMDbService.swift; sourceTree = "<group>"; };
		1EE98F6319716A474DF6378A /* APIConfig.swift */ = {isa = PBXFileReference; lastKnownFileType = sourcecode.swift; path = APIConfig.swift; sourceTree = "<group>"; };
		67F3208E88FD00CA28909F9B /* SearchViewModel.swift */ = {isa = PBXFileReference; lastKnownFileType = sourcecode.swift; path = SearchViewModel.swift; sourceTree = "<group>"; };
		7FAE29B8E6700D4CF7E07592 /* TMDBService.swift */ = {isa = PBXFileReference; lastKnownFileType = sourcecode.swift; path = TMDBService.swift; sourceTree = "<group>"; };
		8414B992012C18FF67F99FAE /* DetailViews.swift */ = {isa = PBXFileReference; lastKnownFileType = sourcecode.swift; path = DetailViews.swift; sourceTree = "<group>"; };
		87FAC84B4CDA47073B8FC68E /* CardViews.swift */ = {isa = PBXFileReference; lastKnownFileType = sourcecode.swift; path = CardViews.swift; sourceTree = "<group>"; };
		8A2F9517F53DD877C42DE5D7 /* TVShow.swift */ = {isa = PBXFileReference; lastKnownFileType = sourcecode.swift; path = TVShow.swift; sourceTree = "<group>"; };
		8F9C49F164A4D44CFFFFA49B /* Rating.swift */ = {isa = PBXFileReference; lastKnownFileType = sourcecode.swift; path = Rating.swift; sourceTree = "<group>"; };
		9229C1918CBDFB0C0B7E2EE0 /* AppleTVSearchApp.swift */ = {isa = PBXFileReference; lastKnownFileType = sourcecode.swift; path = AppleTVSearchApp.swift; sourceTree = "<group>"; };
		9DBEC5E36A02E98331C77385 /* ContentView.swift */ = {isa = PBXFileReference; lastKnownFileType = sourcecode.swift; path = ContentView.swift; sourceTree = "<group>"; };
		AEFC3BFF93CF0E6C2FC912C8 /* Movie.swift */ = {isa = PBXFileReference; lastKnownFileType = sourcecode.swift; path = Movie.swift; sourceTree = "<group>"; };
		D67C5133CB4D9179BFE2A360 /* SettingsView.swift */ = {isa = PBXFileReference; lastKnownFileType = sourcecode.swift; path = SettingsView.swift; sourceTree = "<group>"; };
		EDE6AA00577A2BD10792D6B9 /* Assets.xcassets */ = {isa = PBXFileReference; lastKnownFileType = folder.assetcatalog; path = Assets.xcassets; sourceTree = "<group>"; };
		F22DFEEE29C70E89473968CC /* CacheService.swift */ = {isa = PBXFileReference; lastKnownFileType = sourcecode.swift; path = CacheService.swift; sourceTree = "<group>"; };
		F703673AC41C545928639418 /* Constants.swift */ = {isa = PBXFileReference; lastKnownFileType = sourcecode.swift; path = Constants.swift; sourceTree = "<group>"; };
/* End PBXFileReference section */

/* Begin PBXGroup section */
		428F755A9A54F62BA6A23D5E /* Models */ = {
			isa = PBXGroup;
			children = (
				AEFC3BFF93CF0E6C2FC912C8 /* Movie.swift */,
				8F9C49F164A4D44CFFFFA49B /* Rating.swift */,
				8A2F9517F53DD877C42DE5D7 /* TVShow.swift */,
			);
			path = Models;
			sourceTree = "<group>";
		};
		604642814086C4C85E2042DB /* Products */ = {
			isa = PBXGroup;
			children = (
				0B77EA881A6DF4634B766119 /* AppleTVSearch.app */,
			);
			name = Products;
			sourceTree = "<group>";
		};
		6294D870599CEB7EC1E9D71A = {
			isa = PBXGroup;
			children = (
				E9990BF1D5D5837968823DB0 /* AppleTVSearch */,
				604642814086C4C85E2042DB /* Products */,
			);
			sourceTree = "<group>";
		};
		9A120C505B839E61EDEE624E /* Utilities */ = {
			isa = PBXGroup;
			children = (
				1EE98F6319716A474DF6378A /* APIConfig.swift */,
				F703673AC41C545928639418 /* Constants.swift */,
			);
			path = Utilities;
			sourceTree = "<group>";
		};
		A644EA88B27C5A4EE635AD39 /* ViewModels */ = {
			isa = PBXGroup;
			children = (
				67F3208E88FD00CA28909F9B /* SearchViewModel.swift */,
			);
			path = ViewModels;
			sourceTree = "<group>";
		};
		A9B6C4EFA02F76C45F31666A /* App */ = {
			isa = PBXGroup;
			children = (
				9229C1918CBDFB0C0B7E2EE0 /* AppleTVSearchApp.swift */,
			);
			path = App;
			sourceTree = "<group>";
		};
		C7C561604159AA2476B5DA4C /* Services */ = {
			isa = PBXGroup;
			children = (
				F22DFEEE29C70E89473968CC /* CacheService.swift */,
				12C793F2C3A627A4070C4AE4 /* OMDbService.swift */,
				7FAE29B8E6700D4CF7E07592 /* TMDBService.swift */,
			);
			path = Services;
			sourceTree = "<group>";
		};
		E88C6CFEE3D3C28597747E43 /* Views */ = {
			isa = PBXGroup;
			children = (
				87FAC84B4CDA47073B8FC68E /* CardViews.swift */,
				9DBEC5E36A02E98331C77385 /* ContentView.swift */,
				8414B992012C18FF67F99FAE /* DetailViews.swift */,
				D67C5133CB4D9179BFE2A360 /* SettingsView.swift */,
			);
			path = Views;
			sourceTree = "<group>";
		};
		E9990BF1D5D5837968823DB0 /* AppleTVSearch */ = {
			isa = PBXGroup;
			children = (
				EDE6AA00577A2BD10792D6B9 /* Assets.xcassets */,
				A9B6C4EFA02F76C45F31666A /* App */,
				428F755A9A54F62BA6A23D5E /* Models */,
				C7C561604159AA2476B5DA4C /* Services */,
				9A120C505B839E61EDEE624E /* Utilities */,
				A644EA88B27C5A4EE635AD39 /* ViewModels */,
				E88C6CFEE3D3C28597747E43 /* Views */,
			);
			path = AppleTVSearch;
			sourceTree = "<group>";
		};
/* End PBXGroup section */

/* Begin PBXNativeTarget section */
		658C3B8308C29369C3857721 /* AppleTVSearch */ = {
			isa = PBXNativeTarget;
			buildConfigurationList = 93B7DC6821B7149BA9A70884 /* Build configuration list for PBXNativeTarget "AppleTVSearch" */;
			buildPhases = (
				A1CC02D79A5E3698F4FC2715 /* Sources */,
				7530D31F038110C58465C387 /* Resources */,
			);
			buildRules = (
			);
			dependencies = (
			);
			name = AppleTVSearch;
			packageProductDependencies = (
			);
			productName = AppleTVSearch;
			productReference = 0B77EA881A6DF4634B766119 /* AppleTVSearch.app */;
			productType = "com.apple.product-type.application";
		};
/* End PBXNativeTarget section */

/* Begin PBXProject section */
		5107DD9A2C910AE1747BB4C8 /* Project object */ = {
			isa = PBXProject;
			attributes = {
				BuildIndependentTargetsInParallel = YES;
				LastUpgradeCheck = 1500;
				TargetAttributes = {
					658C3B8308C29369C3857721 = {
						DevelopmentTeam = "";
					};
				};
			};
			buildConfigurationList = 7B20C9F62D4B0D018ADC9162 /* Build configuration list for PBXProject "AppleTVSearch" */;
			compatibilityVersion = "Xcode 14.0";
			developmentRegion = en;
			hasScannedForEncodings = 0;
			knownRegions = (
				Base,
				en,
			);
			mainGroup = 6294D870599CEB7EC1E9D71A;
			minimizedProjectReferenceProxies = 1;
			preferredProjectObjectVersion = 77;
			projectDirPath = "";
			projectRoot = "";
			targets = (
				658C3B8308C29369C3857721 /* AppleTVSearch */,
			);
		};
/* End PBXProject section */

/* Begin PBXResourcesBuildPhase section */
		7530D31F038110C58465C387 /* Resources */ = {
			isa = PBXResourcesBuildPhase;
			buildActionMask = 2147483647;
			files = (
				D1A0130EB88E5680DA7B8D5A /* Assets.xcassets in Resources */,
			);
			runOnlyForDeploymentPostprocessing = 0;
		};
/* End PBXResourcesBuildPhase section */

/* Begin PBXSourcesBuildPhase section */
		A1CC02D79A5E3698F4FC2715 /* Sources */ = {
			isa = PBXSourcesBuildPhase;
			buildActionMask = 2147483647;
			files = (
				8BCD8101CF1E638BA35BFD40 /* APIConfig.swift in Sources */,
				12E798567C5CB2CB0F493766 /* AppleTVSearchApp.swift in Sources */,
				0DB2E429F29EE0085A130D87 /* CacheService.swift in Sources */,
				C6B3E0187EAEE3C7865FF47D /* CardViews.swift in Sources */,
				1C715E75B8A0CF101B46D8AE /* Constants.swift in Sources */,
				EE16FB5E7C60A22AF8598CA1 /* ContentView.swift in Sources */,
				2266E93F05FA933707EC384D /* DetailViews.swift in Sources */,
				8DAB705EB30498F3ED92839D /* Movie.swift in Sources */,
				0C751FA9B5B53E7D07692128 /* OMDbService.swift in Sources */,
				E020B6DC50496EE9938A8A4D /* Rating.swift in Sources */,
				DA24D5AC43471BBF8C57ECB2 /* SearchViewModel.swift in Sources */,
				CBE05B9C1EF3A05965456AF2 /* SettingsView.swift in Sources */,
				FAEEC2B094C86B3B1B8930C0 /* TMDBService.swift in Sources */,
				796B74E5BF0B21A6764D6585 /* TVShow.swift in Sources */,
			);
			runOnlyForDeploymentPostprocessing = 0;
		};
/* End PBXSourcesBuildPhase section */

/* Begin XCBuildConfiguration section */
		089EA981AEF6E65F8A1EA57C /* Debug */ = {
			isa = XCBuildConfiguration;
			buildSettings = {
				ASSETCATALOG_COMPILER_APPICON_NAME = AppIcon;
				ASSETCATALOG_COMPILER_GLOBAL_ACCENT_COLOR_NAME = AccentColor;
				CODE_SIGNING_REQUIRED = NO;
				CODE_SIGN_IDENTITY = "-";
				COMBINE_HIDPI_IMAGES = YES;
				DEVELOPMENT_TEAM = "";
				ENABLE_PREVIEWS = YES;
				INFOPLIST_KEY_CFBundleDisplayName = WatchNext;
				INFOPLIST_KEY_LSApplicationCategoryType = "public.app-category.entertainment";
				LD_RUNPATH_SEARCH_PATHS = (
					"$(inherited)",
					"@executable_path/../Frameworks",
				);
				PRODUCT_BUNDLE_IDENTIFIER = com.madzine.AppleTVSearch;
				SDKROOT = macosx;
			};
			name = Debug;
		};
		231C3015C23E014C23CF91CB /* Release */ = {
			isa = XCBuildConfiguration;
			buildSettings = {
				ALWAYS_SEARCH_USER_PATHS = NO;
				CLANG_ANALYZER_NONNULL = YES;
				CLANG_ANALYZER_NUMBER_OBJECT_CONVERSION = YES_AGGRESSIVE;
				CLANG_CXX_LANGUAGE_STANDARD = "gnu++14";
				CLANG_CXX_LIBRARY = "libc++";
				CLANG_ENABLE_MODULES = YES;
				CLANG_ENABLE_OBJC_ARC = YES;
				CLANG_ENABLE_OBJC_WEAK = YES;
				CLANG_WARN_BLOCK_CAPTURE_AUTORELEASING = YES;
				CLANG_WARN_BOOL_CONVERSION = YES;
				CLANG_WARN_COMMA = YES;
				CLANG_WARN_CONSTANT_CONVERSION = YES;
				CLANG_WARN_DEPRECATED_OBJC_IMPLEMENTATIONS = YES;
				CLANG_WARN_DIRECT_OBJC_ISA_USAGE = YES_ERROR;
				CLANG_WARN_DOCUMENTATION_COMMENTS = YES;
				CLANG_WARN_EMPTY_BODY = YES;
				CLANG_WARN_ENUM_CONVERSION = YES;
				CLANG_WARN_INFINITE_RECURSION = YES;
				CLANG_WARN_INT_CONVERSION = YES;
				CLANG_WARN_NON_LITERAL_NULL_CONVERSION = YES;
				CLANG_WARN_OBJC_IMPLICIT_RETAIN_SELF = YES;
				CLANG_WARN_OBJC_LITERAL_CONVERSION = YES;
				CLANG_WARN_OBJC_ROOT_CLASS = YES_ERROR;
				CLANG_WARN_QUOTED_INCLUDE_IN_FRAMEWORK_HEADER = YES;
				CLANG_WARN_RANGE_LOOP_ANALYSIS = YES;
				CLANG_WARN_STRICT_PROTOTYPES = YES;
				CLANG_WARN_SUSPICIOUS_MOVE = YES;
				CLANG_WARN_UNGUARDED_AVAILABILITY = YES_AGGRESSIVE;
				CLANG_WARN_UNREACHABLE_CODE = YES;
				CLANG_WARN__DUPLICATE_METHOD_MATCH = YES;
				COPY_PHASE_STRIP = NO;
				CURRENT_PROJECT_VERSION = 1;
				DEBUG_INFORMATION_FORMAT = "dwarf-with-dsym";
				ENABLE_NS_ASSERTIONS = NO;
				ENABLE_STRICT_OBJC_MSGSEND = YES;
				GCC_C_LANGUAGE_STANDARD = gnu11;
				GCC_NO_COMMON_BLOCKS = YES;
				GCC_WARN_64_TO_32_BIT_CONVERSION = YES;
				GCC_WARN_ABOUT_RETURN_TYPE = YES_ERROR;
				GCC_WARN_UNDECLARED_SELECTOR = YES;
				GCC_WARN_UNINITIALIZED_AUTOS = YES_AGGRESSIVE;
				GCC_WARN_UNUSED_FUNCTION = YES;
				GCC_WARN_UNUSED_VARIABLE = YES;
				GENERATE_INFOPLIST_FILE = YES;
				MACOSX_DEPLOYMENT_TARGET = 14.0;
				MARKETING_VERSION = 1.0.0;
				MTL_ENABLE_DEBUG_INFO = NO;
				MTL_FAST_MATH = YES;
				PRODUCT_NAME = "$(TARGET_NAME)";
				SDKROOT = macosx;
				SWIFT_COMPILATION_MODE = wholemodule;
				SWIFT_OPTIMIZATION_LEVEL = "-O";
				SWIFT_VERSION = 5.9;
			};
			name = Release;
		};
		6522BBADD15D66B716C57748 /* Debug */ = {
			isa = XCBuildConfiguration;
			buildSettings = {
				ALWAYS_SEARCH_USER_PATHS = NO;
				CLANG_ANALYZER_NONNULL = YES;
				CLANG_ANALYZER_NUMBER_OBJECT_CONVERSION = YES_AGGRESSIVE;
				CLANG_CXX_LANGUAGE_STANDARD = "gnu++14";
				CLANG_CXX_LIBRARY = "libc++";
				CLANG_ENABLE_MODULES = YES;
				CLANG_ENABLE_OBJC_ARC = YES;
				CLANG_ENABLE_OBJC_WEAK = YES;
				CLANG_WARN_BLOCK_CAPTURE_AUTORELEASING = YES;
				CLANG_WARN_BOOL_CONVERSION = YES;
				CLANG_WARN_COMMA = YES;
				CLANG_WARN_CONSTANT_CONVERSION = YES;
				CLANG_WARN_DEPRECATED_OBJC_IMPLEMENTATIONS = YES;
				CLANG_WARN_DIRECT_OBJC_ISA_USAGE = YES_ERROR;
				CLANG_WARN_DOCUMENTATION_COMMENTS = YES;
				CLANG_WARN_EMPTY_BODY = YES;
				CLANG_WARN_ENUM_CONVERSION = YES;
				CLANG_WARN_INFINITE_RECURSION = YES;
				CLANG_WARN_INT_CONVERSION = YES;
				CLANG_WARN_NON_LITERAL_NULL_CONVERSION = YES;
				CLANG_WARN_OBJC_IMPLICIT_RETAIN_SELF = YES;
				CLANG_WARN_OBJC_LITERAL_CONVERSION = YES;
				CLANG_WARN_OBJC_ROOT_CLASS = YES_ERROR;
				CLANG_WARN_QUOTED_INCLUDE_IN_FRAMEWORK_HEADER = YES;
				CLANG_WARN_RANGE_LOOP_ANALYSIS = YES;
				CLANG_WARN_STRICT_PROTOTYPES = YES;
				CLANG_WARN_SUSPICIOUS_MOVE = YES;
				CLANG_WARN_UNGUARDED_AVAILABILITY = YES_AGGRESSIVE;
				CLANG_WARN_UNREACHABLE_CODE = YES;
				CLANG_WARN__DUPLICATE_METHOD_MATCH = YES;
				COPY_PHASE_STRIP = NO;
				CURRENT_PROJECT_VERSION = 1;
				DEBUG_INFORMATION_FORMAT = dwarf;
				ENABLE_STRICT_OBJC_MSGSEND = YES;
				ENABLE_TESTABILITY = YES;
				GCC_C_LANGUAGE_STANDARD = gnu11;
				GCC_DYNAMIC_NO_PIC = NO;
				GCC_NO_COMMON_BLOCKS = YES;
				GCC_OPTIMIZATION_LEVEL = 0;
				GCC_PREPROCESSOR_DEFINITIONS = (
					"$(inherited)",
					"DEBUG=1",
				);
				GCC_WARN_64_TO_32_BIT_CONVERSION = YES;
				GCC_WARN_ABOUT_RETURN_TYPE = YES_ERROR;
				GCC_WARN_UNDECLARED_SELECTOR = YES;
				GCC_WARN_UNINITIALIZED_AUTOS = YES_AGGRESSIVE;
				GCC_WARN_UNUSED_FUNCTION = YES;
				GCC_WARN_UNUSED_VARIABLE = YES;
				GENERATE_INFOPLIST_FILE = YES;
				MACOSX_DEPLOYMENT_TARGET = 14.0;
				MARKETING_VERSION = 1.0.0;
				MTL_ENABLE_DEBUG_INFO = INCLUDE_SOURCE;
				MTL_FAST_MATH = YES;
				ONLY_ACTIVE_ARCH = YES;
				PRODUCT_NAME = "$(TARGET_NAME)";
				SDKROOT = macosx;
				SWIFT_ACTIVE_COMPILATION_CONDITIONS = DEBUG;
				SWIFT_OPTIMIZATION_LEVEL = "-Onone";
				SWIFT_VERSION = 5.9;
			};
			name = Debug;
		};
		9AD0AF1C0F77CD379509D2FB /* Release */ = {
			isa = XCBuildConfiguration;
			buildSettings = {
				ASSETCATALOG_COMPILER_APPICON_NAME = AppIcon;
				ASSETCATALOG_COMPILER_GLOBAL_ACCENT_COLOR_NAME = AccentColor;
				CODE_SIGN_IDENTITY = "Apple Development";
				COMBINE_HIDPI_IMAGES = YES;
				DEVELOPMENT_TEAM = "";
				ENABLE_PREVIEWS = YES;
				INFOPLIST_KEY_CFBundleDisplayName = WatchNext;
				INFOPLIST_KEY_LSApplicationCategoryType = "public.app-category.entertainment";
				LD_RUNPATH_SEARCH_PATHS = (
					"$(inherited)",
					"@executable_path/../Frameworks",
				);
				PRODUCT_BUNDLE_IDENTIFIER = com.madzine.AppleTVSearch;
				SDKROOT = macosx;
			};
			name = Release;
		};
/* End XCBuildConfiguration section */

/* Begin XCConfigurationList section */
		7B20C9F62D4B0D018ADC9162 /* Build configuration list for PBXProject "AppleTVSearch" */ = {
			isa = XCConfigurationList;
			buildConfigurations = (
				6522BBADD15D66B716C57748 /* Debug */,
				231C3015C23E014C23CF91CB /* Release */,
			);
			defaultConfigurationIsVisible = 0;
			defaultConfigurationName = Debug;
		};
		93B7DC6821B7149BA9A70884 /* Build configuration list for PBXNativeTarget "AppleTVSearch" */ = {
			isa = XCConfigurationList;
			buildConfigurations = (
				089EA981AEF6E65F8A1EA57C /* Debug */,
				9AD0AF1C0F77CD379509D2FB /* Release */,
			);
			defaultConfigurationIsVisible = 0;
			defaultConfigurationName = Debug;
		};
/* End XCConfigurationList section */
	};
	rootObject = 5107DD9A2C910AE1747BB4C8 /* Project object */;
}
